// !$*UTF8*$!
{
	archiveVersion = 1;
	classes = {
	};
	objectVersion = 50;
	objects = {

/* Begin PBXBuildFile section */
		8362E6B3247DFFA20046BD8D /* AppDelegate.swift in Sources */ = {isa = PBXBuildFile; fileRef = 8362E6B2247DFFA20046BD8D /* AppDelegate.swift */; };
		8362E6B5247DFFA20046BD8D /* SceneDelegate.swift in Sources */ = {isa = PBXBuildFile; fileRef = 8362E6B4247DFFA20046BD8D /* SceneDelegate.swift */; };
		8362E6B8247DFFA20046BD8D /* NeverForgetNames.xcdatamodeld in Sources */ = {isa = PBXBuildFile; fileRef = 8362E6B6247DFFA20046BD8D /* NeverForgetNames.xcdatamodeld */; };
		8362E6BA247DFFA20046BD8D /* ContentView.swift in Sources */ = {isa = PBXBuildFile; fileRef = 8362E6B9247DFFA20046BD8D /* ContentView.swift */; };
		8362E6BC247DFFA30046BD8D /* Assets.xcassets in Resources */ = {isa = PBXBuildFile; fileRef = 8362E6BB247DFFA30046BD8D /* Assets.xcassets */; };
		8362E6BF247DFFA30046BD8D /* Preview Assets.xcassets in Resources */ = {isa = PBXBuildFile; fileRef = 8362E6BE247DFFA30046BD8D /* Preview Assets.xcassets */; };
		8362E6C2247DFFA30046BD8D /* LaunchScreen.storyboard in Resources */ = {isa = PBXBuildFile; fileRef = 8362E6C0247DFFA30046BD8D /* LaunchScreen.storyboard */; };
		8362E6CA247E02B70046BD8D /* Person.swift in Sources */ = {isa = PBXBuildFile; fileRef = 8362E6C9247E02B70046BD8D /* Person.swift */; };
		83C1B7AE247ED69E007059BF /* ImagePicker.swift in Sources */ = {isa = PBXBuildFile; fileRef = 83C1B7AD247ED69E007059BF /* ImagePicker.swift */; };
		83C1B7B0247EEE1A007059BF /* EditView.swift in Sources */ = {isa = PBXBuildFile; fileRef = 83C1B7AF247EEE1A007059BF /* EditView.swift */; };
		83CF8E4524803CC60028970D /* LocationFetcher.swift in Sources */ = {isa = PBXBuildFile; fileRef = 83CF8E4424803CC60028970D /* LocationFetcher.swift */; };
		83CF8E47248042D40028970D /* MapView.swift in Sources */ = {isa = PBXBuildFile; fileRef = 83CF8E46248042D40028970D /* MapView.swift */; };
/* End PBXBuildFile section */

/* Begin PBXFileReference section */
		8362E6AF247DFFA20046BD8D /* NeverForgetNames.app */ = {isa = PBXFileReference; explicitFileType = wrapper.application; includeInIndex = 0; path = NeverForgetNames.app; sourceTree = BUILT_PRODUCTS_DIR; };
		8362E6B2247DFFA20046BD8D /* AppDelegate.swift */ = {isa = PBXFileReference; lastKnownFileType = sourcecode.swift; path = AppDelegate.swift; sourceTree = "<group>"; };
		8362E6B4247DFFA20046BD8D /* SceneDelegate.swift */ = {isa = PBXFileReference; lastKnownFileType = sourcecode.swift; path = SceneDelegate.swift; sourceTree = "<group>"; };
		8362E6B7247DFFA20046BD8D /* NeverForgetNames.xcdatamodel */ = {isa = PBXFileReference; lastKnownFileType = wrapper.xcdatamodel; path = NeverForgetNames.xcdatamodel; sourceTree = "<group>"; };
		8362E6B9247DFFA20046BD8D /* ContentView.swift */ = {isa = PBXFileReference; lastKnownFileType = sourcecode.swift; path = ContentView.swift; sourceTree = "<group>"; };
		8362E6BB247DFFA30046BD8D /* Assets.xcassets */ = {isa = PBXFileReference; lastKnownFileType = folder.assetcatalog; path = Assets.xcassets; sourceTree = "<group>"; };
		8362E6BE247DFFA30046BD8D /* Preview Assets.xcassets */ = {isa = PBXFileReference; lastKnownFileType = folder.assetcatalog; path = "Preview Assets.xcassets"; sourceTree = "<group>"; };
		8362E6C1247DFFA30046BD8D /* Base */ = {isa = PBXFileReference; lastKnownFileType = file.storyboard; name = Base; path = Base.lproj/LaunchScreen.storyboard; sourceTree = "<group>"; };
		8362E6C3247DFFA30046BD8D /* Info.plist */ = {isa = PBXFileReference; lastKnownFileType = text.plist.xml; path = Info.plist; sourceTree = "<group>"; };
		8362E6C9247E02B70046BD8D /* Person.swift */ = {isa = PBXFileReference; lastKnownFileType = sourcecode.swift; path = Person.swift; sourceTree = "<group>"; };
		83C1B7AD247ED69E007059BF /* ImagePicker.swift */ = {isa = PBXFileReference; lastKnownFileType = sourcecode.swift; path = ImagePicker.swift; sourceTree = "<group>"; };
		83C1B7AF247EEE1A007059BF /* EditView.swift */ = {isa = PBXFileReference; lastKnownFileType = sourcecode.swift; path = EditView.swift; sourceTree = "<group>"; };
		83CF8E4424803CC60028970D /* LocationFetcher.swift */ = {isa = PBXFileReference; lastKnownFileType = sourcecode.swift; path = LocationFetcher.swift; sourceTree = "<group>"; };
		83CF8E46248042D40028970D /* MapView.swift */ = {isa = PBXFileReference; lastKnownFileType = sourcecode.swift; path = MapView.swift; sourceTree = "<group>"; };
/* End PBXFileReference section */

/* Begin PBXFrameworksBuildPhase section */
		8362E6AC247DFFA20046BD8D /* Frameworks */ = {
			isa = PBXFrameworksBuildPhase;
			buildActionMask = 2147483647;
			files = (
			);
			runOnlyForDeploymentPostprocessing = 0;
		};
/* End PBXFrameworksBuildPhase section */

/* Begin PBXGroup section */
		8362E6A6247DFFA20046BD8D = {
			isa = PBXGroup;
			children = (
				8362E6B1247DFFA20046BD8D /* NeverForgetNames */,
				8362E6B0247DFFA20046BD8D /* Products */,
			);
			sourceTree = "<group>";
		};
		8362E6B0247DFFA20046BD8D /* Products */ = {
			isa = PBXGroup;
			children = (
				8362E6AF247DFFA20046BD8D /* NeverForgetNames.app */,
			);
			name = Products;
			sourceTree = "<group>";
		};
		8362E6B1247DFFA20046BD8D /* NeverForgetNames */ = {
			isa = PBXGroup;
			children = (
				8362E6B2247DFFA20046BD8D /* AppDelegate.swift */,
				8362E6B4247DFFA20046BD8D /* SceneDelegate.swift */,
				8362E6B9247DFFA20046BD8D /* ContentView.swift */,
				83CF8E4424803CC60028970D /* LocationFetcher.swift */,
				83CF8E46248042D40028970D /* MapView.swift */,
				83C1B7AD247ED69E007059BF /* ImagePicker.swift */,
				83C1B7AF247EEE1A007059BF /* EditView.swift */,
				8362E6C9247E02B70046BD8D /* Person.swift */,
				8362E6BB247DFFA30046BD8D /* Assets.xcassets */,
				8362E6C0247DFFA30046BD8D /* LaunchScreen.storyboard */,
				8362E6C3247DFFA30046BD8D /* Info.plist */,
				8362E6B6247DFFA20046BD8D /* NeverForgetNames.xcdatamodeld */,
				8362E6BD247DFFA30046BD8D /* Preview Content */,
			);
			path = NeverForgetNames;
			sourceTree = "<group>";
		};
		8362E6BD247DFFA30046BD8D /* Preview Content */ = {
			isa = PBXGroup;
			children = (
				8362E6BE247DFFA30046BD8D /* Preview Assets.xcassets */,
			);
			path = "Preview Content";
			sourceTree = "<group>";
		};
/* End PBXGroup section */

/* Begin PBXNativeTarget section */
		8362E6AE247DFFA20046BD8D /* NeverForgetNames */ = {
			isa = PBXNativeTarget;
			buildConfigurationList = 8362E6C6247DFFA30046BD8D /* Build configuration list for PBXNativeTarget "NeverForgetNames" */;
			buildPhases = (
				8362E6AB247DFFA20046BD8D /* Sources */,
				8362E6AC247DFFA20046BD8D /* Frameworks */,
				8362E6AD247DFFA20046BD8D /* Resources */,
			);
			buildRules = (
			);
			dependencies = (
			);
			name = NeverForgetNames;
			productName = NeverForgetNames;
			productReference = 8362E6AF247DFFA20046BD8D /* NeverForgetNames.app */;
			productType = "com.apple.product-type.application";
		};
/* End PBXNativeTarget section */

/* Begin PBXProject section */
		8362E6A7247DFFA20046BD8D /* Project object */ = {
			isa = PBXProject;
			attributes = {
				LastSwiftUpdateCheck = 1150;
				LastUpgradeCheck = 1150;
				ORGANIZATIONNAME = "Christopher Walter";
				TargetAttributes = {
					8362E6AE247DFFA20046BD8D = {
						CreatedOnToolsVersion = 11.5;
					};
				};
			};
			buildConfigurationList = 8362E6AA247DFFA20046BD8D /* Build configuration list for PBXProject "NeverForgetNames" */;
			compatibilityVersion = "Xcode 9.3";
			developmentRegion = en;
			hasScannedForEncodings = 0;
			knownRegions = (
				en,
				Base,
			);
			mainGroup = 8362E6A6247DFFA20046BD8D;
			productRefGroup = 8362E6B0247DFFA20046BD8D /* Products */;
			projectDirPath = "";
			projectRoot = "";
			targets = (
				8362E6AE247DFFA20046BD8D /* NeverForgetNames */,
			);
		};
/* End PBXProject section */

/* Begin PBXResourcesBuildPhase section */
		8362E6AD247DFFA20046BD8D /* Resources */ = {
			isa = PBXResourcesBuildPhase;
			buildActionMask = 2147483647;
			files = (
				8362E6C2247DFFA30046BD8D /* LaunchScreen.storyboard in Resources */,
				8362E6BF247DFFA30046BD8D /* Preview Assets.xcassets in Resources */,
				8362E6BC247DFFA30046BD8D /* Assets.xcassets in Resources */,
			);
			runOnlyForDeploymentPostprocessing = 0;
		};
/* End PBXResourcesBuildPhase section */

/* Begin PBXSourcesBuildPhase section */
		8362E6AB247DFFA20046BD8D /* Sources */ = {
			isa = PBXSourcesBuildPhase;
			buildActionMask = 2147483647;
			files = (
				8362E6CA247E02B70046BD8D /* Person.swift in Sources */,
				8362E6B3247DFFA20046BD8D /* AppDelegate.swift in Sources */,
				83CF8E4524803CC60028970D /* LocationFetcher.swift in Sources */,
				8362E6B5247DFFA20046BD8D /* SceneDelegate.swift in Sources */,
				83C1B7AE247ED69E007059BF /* ImagePicker.swift in Sources */,
				83C1B7B0247EEE1A007059BF /* EditView.swift in Sources */,
				8362E6BA247DFFA20046BD8D /* ContentView.swift in Sources */,
				83CF8E47248042D40028970D /* MapView.swift in Sources */,
				8362E6B8247DFFA20046BD8D /* NeverForgetNames.xcdatamodeld in Sources */,
			);
			runOnlyForDeploymentPostprocessing = 0;
		};
/* End PBXSourcesBuildPhase section */

/* Begin PBXVariantGroup section */
		8362E6C0247DFFA30046BD8D /* LaunchScreen.storyboard */ = {
			isa = PBXVariantGroup;
			children = (
				8362E6C1247DFFA30046BD8D /* Base */,
			);
			name = LaunchScreen.storyboard;
			sourceTree = "<group>";
		};
/* End PBXVariantGroup section */

/* Begin XCBuildConfiguration section */
		8362E6C4247DFFA30046BD8D /* Debug */ = {
			isa = XCBuildConfiguration;
			buildSettings = {
				ALWAYS_SEARCH_USER_PATHS = NO;
				CLANG_ANALYZER_NONNULL = YES;
				CLANG_ANALYZER_NUMBER_OBJECT_CONVERSION = YES_AGGRESSIVE;
				CLANG_CXX_LANGUAGE_STANDARD = "gnu++14";
				CLANG_CXX_LIBRARY = "libc++";
				CLANG_ENABLE_MODULES = YES;
				CLANG_ENABLE_OBJC_ARC = YES;
				CLANG_ENABLE_OBJC_WEAK = YES;
				CLANG_WARN_BLOCK_CAPTURE_AUTORELEASING = YES;
				CLANG_WARN_BOOL_CONVERSION = YES;
				CLANG_WARN_COMMA = YES;
				CLANG_WARN_CONSTANT_CONVERSION = YES;
				CLANG_WARN_DEPRECATED_OBJC_IMPLEMENTATIONS = YES;
				CLANG_WARN_DIRECT_OBJC_ISA_USAGE = YES_ERROR;
				CLANG_WARN_DOCUMENTATION_COMMENTS = YES;
				CLANG_WARN_EMPTY_BODY = YES;
				CLANG_WARN_ENUM_CONVERSION = YES;
				CLANG_WARN_INFINITE_RECURSION = YES;
				CLANG_WARN_INT_CONVERSION = YES;
				CLANG_WARN_NON_LITERAL_NULL_CONVERSION = YES;
				CLANG_WARN_OBJC_IMPLICIT_RETAIN_SELF = YES;
				CLANG_WARN_OBJC_LITERAL_CONVERSION = YES;
				CLANG_WARN_OBJC_ROOT_CLASS = YES_ERROR;
				CLANG_WARN_RANGE_LOOP_ANALYSIS = YES;
				CLANG_WARN_STRICT_PROTOTYPES = YES;
				CLANG_WARN_SUSPICIOUS_MOVE = YES;
				CLANG_WARN_UNGUARDED_AVAILABILITY = YES_AGGRESSIVE;
				CLANG_WARN_UNREACHABLE_CODE = YES;
				CLANG_WARN__DUPLICATE_METHOD_MATCH = YES;
				COPY_PHASE_STRIP = NO;
				DEBUG_INFORMATION_FORMAT = dwarf;
				ENABLE_STRICT_OBJC_MSGSEND = YES;
				ENABLE_TESTABILITY = YES;
				GCC_C_LANGUAGE_STANDARD = gnu11;
				GCC_DYNAMIC_NO_PIC = NO;
				GCC_NO_COMMON_BLOCKS = YES;
				GCC_OPTIMIZATION_LEVEL = 0;
				GCC_PREPROCESSOR_DEFINITIONS = (
					"DEBUG=1",
					"$(inherited)",
				);
				GCC_WARN_64_TO_32_BIT_CONVERSION = YES;
				GCC_WARN_ABOUT_RETURN_TYPE = YES_ERROR;
				GCC_WARN_UNDECLARED_SELECTOR = YES;
				GCC_WARN_UNINITIALIZED_AUTOS = YES_AGGRESSIVE;
				GCC_WARN_UNUSED_FUNCTION = YES;
				GCC_WARN_UNUSED_VARIABLE = YES;
				IPHONEOS_DEPLOYMENT_TARGET = 13.5;
				MTL_ENABLE_DEBUG_INFO = INCLUDE_SOURCE;
				MTL_FAST_MATH = YES;
				ONLY_ACTIVE_ARCH = YES;
				SDKROOT = iphoneos;
				SWIFT_ACTIVE_COMPILATION_CONDITIONS = DEBUG;
				SWIFT_OPTIMIZATION_LEVEL = "-Onone";
			};
			name = Debug;
		};
		8362E6C5247DFFA30046BD8D /* Release */ = {
			isa = XCBuildConfiguration;
			buildSettings = {
				ALWAYS_SEARCH_USER_PATHS = NO;
				CLANG_ANALYZER_NONNULL = YES;
				CLANG_ANALYZER_NUMBER_OBJECT_CONVERSION = YES_AGGRESSIVE;
				CLANG_CXX_LANGUAGE_STANDARD = "gnu++14";
				CLANG_CXX_LIBRARY = "libc++";
				CLANG_ENABLE_MODULES = YES;
				CLANG_ENABLE_OBJC_ARC = YES;
				CLANG_ENABLE_OBJC_WEAK = YES;
				CLANG_WARN_BLOCK_CAPTURE_AUTORELEASING = YES;
				CLANG_WARN_BOOL_CONVERSION = YES;
				CLANG_WARN_COMMA = YES;
				CLANG_WARN_CONSTANT_CONVERSION = YES;
				CLANG_WARN_DEPRECATED_OBJC_IMPLEMENTATIONS = YES;
				CLANG_WARN_DIRECT_OBJC_ISA_USAGE = YES_ERROR;
				CLANG_WARN_DOCUMENTATION_COMMENTS = YES;
				CLANG_WARN_EMPTY_BODY = YES;
				CLANG_WARN_ENUM_CONVERSION = YES;
				CLANG_WARN_INFINITE_RECURSION = YES;
				CLANG_WARN_INT_CONVERSION = YES;
				CLANG_WARN_NON_LITERAL_NULL_CONVERSION = YES;
				CLANG_WARN_OBJC_IMPLICIT_RETAIN_SELF = YES;
				CLANG_WARN_OBJC_LITERAL_CONVERSION = YES;
				CLANG_WARN_OBJC_ROOT_CLASS = YES_ERROR;
				CLANG_WARN_RANGE_LOOP_ANALYSIS = YES;
				CLANG_WARN_STRICT_PROTOTYPES = YES;
				CLANG_WARN_SUSPICIOUS_MOVE = YES;
				CLANG_WARN_UNGUARDED_AVAILABILITY = YES_AGGRESSIVE;
				CLANG_WARN_UNREACHABLE_CODE = YES;
				CLANG_WARN__DUPLICATE_METHOD_MATCH = YES;
				COPY_PHASE_STRIP = NO;
				DEBUG_INFORMATION_FORMAT = "dwarf-with-dsym";
				ENABLE_NS_ASSERTIONS = NO;
				ENABLE_STRICT_OBJC_MSGSEND = YES;
				GCC_C_LANGUAGE_STANDARD = gnu11;
				GCC_NO_COMMON_BLOCKS = YES;
				GCC_WARN_64_TO_32_BIT_CONVERSION = YES;
				GCC_WARN_ABOUT_RETURN_TYPE = YES_ERROR;
				GCC_WARN_UNDECLARED_SELECTOR = YES;
				GCC_WARN_UNINITIALIZED_AUTOS = YES_AGGRESSIVE;
				GCC_WARN_UNUSED_FUNCTION = YES;
				GCC_WARN_UNUSED_VARIABLE = YES;
				IPHONEOS_DEPLOYMENT_TARGET = 13.5;
				MTL_ENABLE_DEBUG_INFO = NO;
				MTL_FAST_MATH = YES;
				SDKROOT = iphoneos;
				SWIFT_COMPILATION_MODE = wholemodule;
				SWIFT_OPTIMIZATION_LEVEL = "-O";
				VALIDATE_PRODUCT = YES;
			};
			name = Release;
		};
		8362E6C7247DFFA30046BD8D /* Debug */ = {
			isa = XCBuildConfiguration;
			buildSettings = {
				ASSETCATALOG_COMPILER_APPICON_NAME = AppIcon;
				CODE_SIGN_STYLE = Automatic;
				DEVELOPMENT_ASSET_PATHS = "\"NeverForgetNames/Preview Content\"";
				DEVELOPMENT_TEAM = 84LWTY6T5F;
				ENABLE_PREVIEWS = YES;
				INFOPLIST_FILE = NeverForgetNames/Info.plist;
				IPHONEOS_DEPLOYMENT_TARGET = 13.0;
				LD_RUNPATH_SEARCH_PATHS = (
					"$(inherited)",
					"@executable_path/Frameworks",
				);
				PRODUCT_BUNDLE_IDENTIFIER = com.DocsApps.NeverForgetNames;
				PRODUCT_NAME = "$(TARGET_NAME)";
				SWIFT_VERSION = 5.0;
				TARGETED_DEVICE_FAMILY = "1,2";
			};
			name = Debug;
		};
		8362E6C8247DFFA30046BD8D /* Release */ = {
			isa = XCBuildConfiguration;
			buildSettings = {
				ASSETCATALOG_COMPILER_APPICON_NAME = AppIcon;
				CODE_SIGN_STYLE = Automatic;
				DEVELOPMENT_ASSET_PATHS = "\"NeverForgetNames/Preview Content\"";
				DEVELOPMENT_TEAM = 84LWTY6T5F;
				ENABLE_PREVIEWS = YES;
				INFOPLIST_FILE = NeverForgetNames/Info.plist;
				IPHONEOS_DEPLOYMENT_TARGET = 13.0;
				LD_RUNPATH_SEARCH_PATHS = (
					"$(inherited)",
					"@executable_path/Frameworks",
				);
				PRODUCT_BUNDLE_IDENTIFIER = com.DocsApps.NeverForgetNames;
				PRODUCT_NAME = "$(TARGET_NAME)";
				SWIFT_VERSION = 5.0;
				TARGETED_DEVICE_FAMILY = "1,2";
			};
			name = Release;
		};
/* End XCBuildConfiguration section */

/* Begin XCConfigurationList section */
		8362E6AA247DFFA20046BD8D /* Build configuration list for PBXProject "NeverForgetNames" */ = {
			isa = XCConfigurationList;
			buildConfigurations = (
				8362E6C4247DFFA30046BD8D /* Debug */,
				8362E6C5247DFFA30046BD8D /* Release */,
			);
			defaultConfigurationIsVisible = 0;
			defaultConfigurationName = Release;
		};
		8362E6C6247DFFA30046BD8D /* Build configuration list for PBXNativeTarget "NeverForgetNames" */ = {
			isa = XCConfigurationList;
			buildConfigurations = (
				8362E6C7247DFFA30046BD8D /* Debug */,
				8362E6C8247DFFA30046BD8D /* Release */,
			);
			defaultConfigurationIsVisible = 0;
			defaultConfigurationName = Release;
		};
/* End XCConfigurationList section */

/* Begin XCVersionGroup section */
		8362E6B6247DFFA20046BD8D /* NeverForgetNames.xcdatamodeld */ = {
			isa = XCVersionGroup;
			children = (
				8362E6B7247DFFA20046BD8D /* NeverForgetNames.xcdatamodel */,
			);
			currentVersion = 8362E6B7247DFFA20046BD8D /* NeverForgetNames.xcdatamodel */;
			path = NeverForgetNames.xcdatamodeld;
			sourceTree = "<group>";
			versionGroupType = wrapper.xcdatamodel;
		};
/* End XCVersionGroup section */
	};
	rootObject = 8362E6A7247DFFA20046BD8D /* Project object */;
}
